
Microsoft Visual Studio Solution File, Format Version 12.00
# Visual Studio Version 16
VisualStudioVersion = 16.0.31515.178
MinimumVisualStudioVersion = 10.0.40219.1
Project("{8BC9CEB8-8B4A-11D0-8D11-00A0C91BC942}") = "gui", "gui\gui.vcxproj", "{59E9DBEC-96AA-4A7B-8178-DA7A4CA1BE72}"
EndProject
Global
	GlobalSection(SolutionConfigurationPlatforms) = preSolution
		Debug|x64 = Debug|x64
		Debug|x86 = Debug|x86
		Release|x64 = Release|x64
		Release|x86 = Release|x86
	EndGlobalSection
	GlobalSection(ProjectConfigurationPlatforms) = postSolution
		{59E9DBEC-96AA-4A7B-8178-DA7A4CA1BE72}.Debug|x64.ActiveCfg = Debug|x64
		{59E9DBEC-96AA-4A7B-8178-DA7A4CA1BE72}.Debug|x64.Build.0 = Debug|x64
		{59E9DBEC-96AA-4A7B-8178-DA7A4CA1BE72}.Debug|x86.ActiveCfg = Debug|Win32
		{59E9DBEC-96AA-4A7B-8178-DA7A4CA1BE72}.Debug|x86.Build.0 = Debug|Win32
		{59E9DBEC-96AA-4A7B-8178-DA7A4CA1BE72}.Release|x64.ActiveCfg = Release|x64
		{59E9DBEC-96AA-4A7B-8178-DA7A4CA1BE72}.Release|x64.Build.0 = Release|x64
		{59E9DBEC-96AA-4A7B-8178-DA7A4CA1BE72}.Release|x86.ActiveCfg = Release|Win32
		{59E9DBEC-96AA-4A7B-8178-DA7A4CA1BE72}.Release|x86.Build.0 = Release|Win32
	EndGlobalSection
	GlobalSection(SolutionProperties) = preSolution
		HideSolutionNode = FALSE
	EndGlobalSection
	GlobalSection(ExtensibilityGlobals) = postSolution
		SolutionGuid = {5637E7B1-6442-482C-A6D6-C09C97E3615E}
	EndGlobalSection
EndGlobal
